
Microsoft Visual Studio Solution File, Format Version 12.00
# Visual Studio Version 17
VisualStudioVersion = 17.7.34024.191
MinimumVisualStudioVersion = 10.0.40219.1
Project("{FAE04EC0-301F-11D3-BF4B-00C04F79EFBC}") = "LINQ", "LINQ\LINQ.csproj", "{80D52271-F842-4073-811A-54A587ACDD48}"
EndProject
Global
	GlobalSection(SolutionConfigurationPlatforms) = preSolution
		Debug|Any CPU = Debug|Any CPU
		Release|Any CPU = Release|Any CPU
	EndGlobalSection
	GlobalSection(ProjectConfigurationPlatforms) = postSolution
		{80D52271-F842-4073-811A-54A587ACDD48}.Debug|Any CPU.ActiveCfg = Debug|Any CPU
		{80D52271-F842-4073-811A-54A587ACDD48}.Debug|Any CPU.Build.0 = Debug|Any CPU
		{80D52271-F842-4073-811A-54A587ACDD48}.Release|Any CPU.ActiveCfg = Release|Any CPU
		{80D52271-F842-4073-811A-54A587ACDD48}.Release|Any CPU.Build.0 = Release|Any CPU
	EndGlobalSection
	GlobalSection(SolutionProperties) = preSolution
		HideSolutionNode = FALSE
	EndGlobalSection
	GlobalSection(ExtensibilityGlobals) = postSolution
		SolutionGuid = {E20B4588-BEA7-48F8-B104-0E6B6BB95D5B}
	EndGlobalSection
EndGlobal
